
Microsoft Visual Studio Solution File, Format Version 12.00
# Visual Studio 14
VisualStudioVersion = 14.0.25123.0
MinimumVisualStudioVersion = 10.0.40219.1
Project("{FAE04EC0-301F-11D3-BF4B-00C04F79EFBC}") = "Client", "Client\Client.csproj", "{78DA76EE-A028-4879-8BC8-7D09C1CA330B}"
EndProject
Project("{FAE04EC0-301F-11D3-BF4B-00C04F79EFBC}") = "NetCommon", "NetCommon\NetCommon.csproj", "{4907B7E3-033F-4FA9-91F9-F8673E20BD01}"
EndProject
Project("{FAE04EC0-301F-11D3-BF4B-00C04F79EFBC}") = "Server", "Server\Server.csproj", "{EFD90C7F-B5EF-4295-9AD1-375E38EAA12B}"
EndProject
Global
	GlobalSection(SolutionConfigurationPlatforms) = preSolution
		Debug|Any CPU = Debug|Any CPU
		Release|Any CPU = Release|Any CPU
	EndGlobalSection
	GlobalSection(ProjectConfigurationPlatforms) = postSolution
		{78DA76EE-A028-4879-8BC8-7D09C1CA330B}.Debug|Any CPU.ActiveCfg = Debug|Any CPU
		{78DA76EE-A028-4879-8BC8-7D09C1CA330B}.Debug|Any CPU.Build.0 = Debug|Any CPU
		{78DA76EE-A028-4879-8BC8-7D09C1CA330B}.Release|Any CPU.ActiveCfg = Release|Any CPU
		{78DA76EE-A028-4879-8BC8-7D09C1CA330B}.Release|Any CPU.Build.0 = Release|Any CPU
		{4907B7E3-033F-4FA9-91F9-F8673E20BD01}.Debug|Any CPU.ActiveCfg = Debug|Any CPU
		{4907B7E3-033F-4FA9-91F9-F8673E20BD01}.Debug|Any CPU.Build.0 = Debug|Any CPU
		{4907B7E3-033F-4FA9-91F9-F8673E20BD01}.Release|Any CPU.ActiveCfg = Release|Any CPU
		{4907B7E3-033F-4FA9-91F9-F8673E20BD01}.Release|Any CPU.Build.0 = Release|Any CPU
		{EFD90C7F-B5EF-4295-9AD1-375E38EAA12B}.Debug|Any CPU.ActiveCfg = Debug|Any CPU
		{EFD90C7F-B5EF-4295-9AD1-375E38EAA12B}.Debug|Any CPU.Build.0 = Debug|Any CPU
		{EFD90C7F-B5EF-4295-9AD1-375E38EAA12B}.Release|Any CPU.ActiveCfg = Release|Any CPU
		{EFD90C7F-B5EF-4295-9AD1-375E38EAA12B}.Release|Any CPU.Build.0 = Release|Any CPU
	EndGlobalSection
	GlobalSection(SolutionProperties) = preSolution
		HideSolutionNode = FALSE
	EndGlobalSection
EndGlobal
